{
  "version": 4,
  "terraform_version": "0.12.16",
  "serial": 65,
  "lineage": "b24b908d-80ab-f52b-7802-3a3896d2ea84",
  "outputs": {
    "private_subet": {
      "value": "subnet-09fabf7b70fda0094",
      "type": "string"
    }
  },
  "resources": [
    {
      "mode": "data",
      "type": "aws_availability_zones",
      "name": "available",
      "provider": "provider.aws",
      "instances": [
        {
          "schema_version": 0,
          "attributes": {
            "blacklisted_names": null,
            "blacklisted_zone_ids": null,
            "id": "2019-12-19 21:30:20.99182 +0000 UTC",
            "names": [
              "us-east-1a",
              "us-east-1b",
              "us-east-1c",
              "us-east-1d",
              "us-east-1e",
              "us-east-1f"
            ],
            "state": "available",
            "zone_ids": [
              "use1-az6",
              "use1-az1",
              "use1-az2",
              "use1-az4",
              "use1-az3",
              "use1-az5"
            ]
          }
        }
      ]
    },
    {
      "mode": "data",
      "type": "aws_caller_identity",
      "name": "current",
      "provider": "provider.aws",
      "instances": [
        {
          "schema_version": 0,
          "attributes": {
            "account_id": "068561858766",
            "arn": "arn:aws:iam::068561858766:user/noahmercado",
            "id": "2019-12-19 21:30:21.232918 +0000 UTC",
            "user_id": "AIDAQ75U26DHHOU4YNBOG"
          }
        }
      ]
    },
    {
      "mode": "data",
      "type": "aws_region",
      "name": "current",
      "provider": "provider.aws",
      "instances": [
        {
          "schema_version": 0,
          "attributes": {
            "current": null,
            "description": "US East (N. Virginia)",
            "endpoint": "ec2.us-east-1.amazonaws.com",
            "id": "us-east-1",
            "name": "us-east-1"
          }
        }
      ]
    },
    {
      "mode": "data",
      "type": "aws_vpc_endpoint_service",
      "name": "this",
      "each": "list",
      "provider": "provider.aws",
      "instances": [
        {
          "index_key": 0,
          "schema_version": 0,
          "attributes": {
            "acceptance_required": false,
            "availability_zones": [
              "us-east-1a",
              "us-east-1b",
              "us-east-1c",
              "us-east-1d",
              "us-east-1e",
              "us-east-1f"
            ],
            "base_endpoint_dns_names": [
              "s3.us-east-1.amazonaws.com"
            ],
            "id": "195798706",
            "manages_vpc_endpoints": false,
            "owner": "amazon",
            "private_dns_name": "",
            "service": "s3",
            "service_id": "vpce-svc-0aa7c06513d4872d5",
            "service_name": "com.amazonaws.us-east-1.s3",
            "service_type": "Gateway",
            "tags": {},
            "vpc_endpoint_policy_supported": true
          }
        },
        {
          "index_key": 1,
          "schema_version": 0,
          "attributes": {
            "acceptance_required": false,
            "availability_zones": [
              "us-east-1a",
              "us-east-1b",
              "us-east-1c",
              "us-east-1d",
              "us-east-1e",
              "us-east-1f"
            ],
            "base_endpoint_dns_names": [
              "ssm.us-east-1.vpce.amazonaws.com"
            ],
            "id": "874300523",
            "manages_vpc_endpoints": false,
            "owner": "amazon",
            "private_dns_name": "ssm.us-east-1.amazonaws.com",
            "service": "ssm",
            "service_id": "vpce-svc-0830e78121d7f5a46",
            "service_name": "com.amazonaws.us-east-1.ssm",
            "service_type": "Interface",
            "tags": {},
            "vpc_endpoint_policy_supported": false
          }
        },
        {
          "index_key": 2,
          "schema_version": 0,
          "attributes": {
            "acceptance_required": false,
            "availability_zones": [
              "us-east-1a",
              "us-east-1b",
              "us-east-1c",
              "us-east-1d",
              "us-east-1e",
              "us-east-1f"
            ],
            "base_endpoint_dns_names": [
              "ssmmessages.us-east-1.vpce.amazonaws.com"
            ],
            "id": "1315226949",
            "manages_vpc_endpoints": false,
            "owner": "amazon",
            "private_dns_name": "ssmmessages.us-east-1.amazonaws.com",
            "service": "ssmmessages",
            "service_id": "vpce-svc-0405dabbde77315b6",
            "service_name": "com.amazonaws.us-east-1.ssmmessages",
            "service_type": "Interface",
            "tags": {},
            "vpc_endpoint_policy_supported": false
          }
        },
        {
          "index_key": 3,
          "schema_version": 0,
          "attributes": {
            "acceptance_required": false,
            "availability_zones": [
              "us-east-1a",
              "us-east-1b",
              "us-east-1c",
              "us-east-1d",
              "us-east-1e",
              "us-east-1f"
            ],
            "base_endpoint_dns_names": [
              "ec2.us-east-1.vpce.amazonaws.com"
            ],
            "id": "2644592029",
            "manages_vpc_endpoints": false,
            "owner": "amazon",
            "private_dns_name": "ec2.us-east-1.amazonaws.com",
            "service": "ec2",
            "service_id": "vpce-svc-0812fbb18b2c0893b",
            "service_name": "com.amazonaws.us-east-1.ec2",
            "service_type": "Interface",
            "tags": {},
            "vpc_endpoint_policy_supported": false
          }
        }
      ]
    },
    {
      "mode": "managed",
      "type": "aws_eip",
      "name": "nat",
      "provider": "provider.aws",
      "instances": [
        {
          "schema_version": 0,
          "attributes": {
            "allocation_id": null,
            "associate_with_private_ip": null,
            "association_id": "eipassoc-085737ae587934a46",
            "domain": "vpc",
            "id": "eipalloc-00763c57baf4bc308",
            "instance": "",
            "network_interface": "eni-0043bd48fa602b719",
            "private_dns": "ip-10-0-90-50.ec2.internal",
            "private_ip": "10.0.90.50",
            "public_dns": "ec2-3-216-254-150.compute-1.amazonaws.com",
            "public_ip": "3.216.254.150",
            "public_ipv4_pool": "amazon",
            "tags": {},
            "timeouts": null,
            "vpc": true
          },
          "private": "eyJlMmJmYjczMC1lY2FhLTExZTYtOGY4OC0zNDM2M2JjN2M0YzAiOnsiZGVsZXRlIjoxODAwMDAwMDAwMDAsInJlYWQiOjkwMDAwMDAwMDAwMCwidXBkYXRlIjozMDAwMDAwMDAwMDB9fQ=="
        }
      ]
    },
    {
      "mode": "managed",
      "type": "aws_internet_gateway",
      "name": "this",
      "provider": "provider.aws",
      "instances": [
        {
          "schema_version": 0,
          "attributes": {
            "id": "igw-09e198a2c611020a7",
            "owner_id": "068561858766",
            "tags": {},
            "vpc_id": "vpc-05cf553c2ae969b7b"
          },
          "private": "bnVsbA==",
          "dependencies": [
            "aws_vpc.golden-ami-factory"
          ]
        }
      ]
    },
    {
      "mode": "managed",
      "type": "aws_nat_gateway",
      "name": "this",
      "provider": "provider.aws",
      "instances": [
        {
          "schema_version": 0,
          "attributes": {
            "allocation_id": "eipalloc-00763c57baf4bc308",
            "id": "nat-01b5f9df07b435b6b",
            "network_interface_id": "eni-0043bd48fa602b719",
            "private_ip": "10.0.90.50",
            "public_ip": "3.216.254.150",
            "subnet_id": "subnet-00b351935a124fb08",
            "tags": {}
          },
          "private": "bnVsbA==",
          "dependencies": [
            "aws_eip.nat",
            "aws_subnet.public",
            "aws_vpc.golden-ami-factory"
          ]
        }
      ]
    },
    {
      "mode": "managed",
      "type": "aws_route",
      "name": "igw",
      "provider": "provider.aws",
      "instances": [
        {
          "schema_version": 0,
          "attributes": {
            "destination_cidr_block": "0.0.0.0/0",
            "destination_ipv6_cidr_block": null,
            "destination_prefix_list_id": "",
            "egress_only_gateway_id": "",
            "gateway_id": "igw-09e198a2c611020a7",
            "id": "r-rtb-092263c8b0ef101311080289494",
            "instance_id": "",
            "instance_owner_id": "",
            "nat_gateway_id": "",
            "network_interface_id": "",
            "origin": "CreateRoute",
            "route_table_id": "rtb-092263c8b0ef10131",
            "state": "active",
            "timeouts": null,
            "transit_gateway_id": "",
            "vpc_peering_connection_id": ""
          },
          "private": "eyJlMmJmYjczMC1lY2FhLTExZTYtOGY4OC0zNDM2M2JjN2M0YzAiOnsiY3JlYXRlIjoxMjAwMDAwMDAwMDAsImRlbGV0ZSI6MzAwMDAwMDAwMDAwfX0=",
          "dependencies": [
            "aws_internet_gateway.this",
            "aws_route_table.public",
            "aws_vpc.golden-ami-factory"
          ]
        }
      ]
    },
    {
      "mode": "managed",
      "type": "aws_route",
      "name": "private_nat_gateway",
      "provider": "provider.aws",
      "instances": [
        {
          "schema_version": 0,
          "attributes": {
            "destination_cidr_block": "0.0.0.0/0",
            "destination_ipv6_cidr_block": null,
            "destination_prefix_list_id": "",
            "egress_only_gateway_id": "",
            "gateway_id": "",
            "id": "r-rtb-093fd70d3845415d31080289494",
            "instance_id": "",
            "instance_owner_id": "",
            "nat_gateway_id": "nat-01b5f9df07b435b6b",
            "network_interface_id": "",
            "origin": "CreateRoute",
            "route_table_id": "rtb-093fd70d3845415d3",
            "state": "active",
            "timeouts": null,
            "transit_gateway_id": "",
            "vpc_peering_connection_id": ""
          },
          "private": "eyJlMmJmYjczMC1lY2FhLTExZTYtOGY4OC0zNDM2M2JjN2M0YzAiOnsiY3JlYXRlIjoxMjAwMDAwMDAwMDAsImRlbGV0ZSI6MzAwMDAwMDAwMDAwfX0=",
          "dependencies": [
            "aws_eip.nat",
            "aws_nat_gateway.this",
            "aws_route_table.private",
            "aws_subnet.public",
            "aws_vpc.golden-ami-factory"
          ]
        }
      ]
    },
    {
      "mode": "managed",
      "type": "aws_route_table",
      "name": "private",
      "provider": "provider.aws",
      "instances": [
        {
          "schema_version": 0,
          "attributes": {
            "id": "rtb-093fd70d3845415d3",
            "owner_id": "068561858766",
            "propagating_vgws": [],
            "route": [
              {
                "cidr_block": "0.0.0.0/0",
                "egress_only_gateway_id": "",
                "gateway_id": "",
                "instance_id": "",
                "ipv6_cidr_block": "",
                "nat_gateway_id": "nat-01b5f9df07b435b6b",
                "network_interface_id": "",
                "transit_gateway_id": "",
                "vpc_peering_connection_id": ""
              }
            ],
            "tags": {
              "Name": "noah-demo-private"
            },
            "vpc_id": "vpc-05cf553c2ae969b7b"
          },
          "private": "bnVsbA==",
          "dependencies": [
            "aws_vpc.golden-ami-factory"
          ]
        }
      ]
    },
    {
      "mode": "managed",
      "type": "aws_route_table",
      "name": "public",
      "provider": "provider.aws",
      "instances": [
        {
          "schema_version": 0,
          "attributes": {
            "id": "rtb-092263c8b0ef10131",
            "owner_id": "068561858766",
            "propagating_vgws": [],
            "route": [
              {
                "cidr_block": "0.0.0.0/0",
                "egress_only_gateway_id": "",
                "gateway_id": "igw-09e198a2c611020a7",
                "instance_id": "",
                "ipv6_cidr_block": "",
                "nat_gateway_id": "",
                "network_interface_id": "",
                "transit_gateway_id": "",
                "vpc_peering_connection_id": ""
              }
            ],
            "tags": {},
            "vpc_id": "vpc-05cf553c2ae969b7b"
          },
          "private": "bnVsbA==",
          "dependencies": [
            "aws_vpc.golden-ami-factory"
          ]
        }
      ]
    },
    {
      "mode": "managed",
      "type": "aws_route_table_association",
      "name": "private",
      "provider": "provider.aws",
      "instances": [
        {
          "schema_version": 0,
          "attributes": {
            "gateway_id": null,
            "id": "rtbassoc-063339f696446c4b0",
            "route_table_id": "rtb-093fd70d3845415d3",
            "subnet_id": "subnet-09fabf7b70fda0094"
          },
          "private": "bnVsbA==",
          "dependencies": [
            "aws_route_table.private",
            "aws_subnet.private",
            "aws_vpc.golden-ami-factory"
          ]
        }
      ]
    },
    {
      "mode": "managed",
      "type": "aws_route_table_association",
      "name": "public",
      "provider": "provider.aws",
      "instances": [
        {
          "schema_version": 0,
          "attributes": {
            "gateway_id": null,
            "id": "rtbassoc-082f30c0b94e05486",
            "route_table_id": "rtb-092263c8b0ef10131",
            "subnet_id": "subnet-00b351935a124fb08"
          },
          "private": "bnVsbA==",
          "dependencies": [
            "aws_route_table.public",
            "aws_subnet.public",
            "aws_vpc.golden-ami-factory"
          ]
        }
      ]
    },
    {
      "mode": "managed",
      "type": "aws_security_group",
      "name": "this",
      "provider": "provider.aws",
      "instances": [
        {
          "schema_version": 1,
          "attributes": {
            "arn": "arn:aws:ec2:us-east-1:068561858766:security-group/sg-09588a8d34d3779f8",
            "description": "Allow TLS inbound traffic",
            "egress": [
              {
                "cidr_blocks": [
                  "0.0.0.0/0"
                ],
                "description": "",
                "from_port": 443,
                "ipv6_cidr_blocks": [],
                "prefix_list_ids": [],
                "protocol": "tcp",
                "security_groups": [],
                "self": false,
                "to_port": 443
              }
            ],
            "id": "sg-09588a8d34d3779f8",
            "ingress": [
              {
                "cidr_blocks": [],
                "description": "",
                "from_port": 443,
                "ipv6_cidr_blocks": [],
                "prefix_list_ids": [],
                "protocol": "tcp",
                "security_groups": [],
                "self": true,
                "to_port": 443
              }
            ],
            "name": "terraform-20191219212527921900000001",
            "name_prefix": null,
            "owner_id": "068561858766",
            "revoke_rules_on_delete": false,
            "tags": {
              "Name": "noah-demo"
            },
            "timeouts": null,
            "vpc_id": "vpc-05cf553c2ae969b7b"
          },
          "private": "eyJlMmJmYjczMC1lY2FhLTExZTYtOGY4OC0zNDM2M2JjN2M0YzAiOnsiY3JlYXRlIjo2MDAwMDAwMDAwMDAsImRlbGV0ZSI6NjAwMDAwMDAwMDAwfSwic2NoZW1hX3ZlcnNpb24iOiIxIn0=",
          "dependencies": [
            "aws_vpc.golden-ami-factory"
          ]
        }
      ]
    },
    {
      "mode": "managed",
      "type": "aws_subnet",
      "name": "private",
      "provider": "provider.aws",
      "instances": [
        {
          "schema_version": 1,
          "attributes": {
            "arn": "arn:aws:ec2:us-east-1:068561858766:subnet/subnet-09fabf7b70fda0094",
            "assign_ipv6_address_on_creation": false,
            "availability_zone": "us-east-1c",
            "availability_zone_id": "use1-az2",
            "cidr_block": "10.0.0.0/18",
            "id": "subnet-09fabf7b70fda0094",
            "ipv6_cidr_block": "",
            "ipv6_cidr_block_association_id": "",
            "map_public_ip_on_launch": false,
            "owner_id": "068561858766",
            "tags": {},
            "timeouts": null,
            "vpc_id": "vpc-05cf553c2ae969b7b"
          },
          "private": "eyJlMmJmYjczMC1lY2FhLTExZTYtOGY4OC0zNDM2M2JjN2M0YzAiOnsiY3JlYXRlIjo2MDAwMDAwMDAwMDAsImRlbGV0ZSI6MTIwMDAwMDAwMDAwMH0sInNjaGVtYV92ZXJzaW9uIjoiMSJ9",
          "dependencies": [
            "aws_vpc.golden-ami-factory"
          ]
        }
      ]
    },
    {
      "mode": "managed",
      "type": "aws_subnet",
      "name": "public",
      "provider": "provider.aws",
      "instances": [
        {
          "schema_version": 1,
          "attributes": {
            "arn": "arn:aws:ec2:us-east-1:068561858766:subnet/subnet-00b351935a124fb08",
            "assign_ipv6_address_on_creation": false,
            "availability_zone": "us-east-1e",
            "availability_zone_id": "use1-az3",
            "cidr_block": "10.0.64.0/18",
            "id": "subnet-00b351935a124fb08",
            "ipv6_cidr_block": "",
            "ipv6_cidr_block_association_id": "",
            "map_public_ip_on_launch": false,
            "owner_id": "068561858766",
            "tags": {},
            "timeouts": null,
            "vpc_id": "vpc-05cf553c2ae969b7b"
          },
          "private": "eyJlMmJmYjczMC1lY2FhLTExZTYtOGY4OC0zNDM2M2JjN2M0YzAiOnsiY3JlYXRlIjo2MDAwMDAwMDAwMDAsImRlbGV0ZSI6MTIwMDAwMDAwMDAwMH0sInNjaGVtYV92ZXJzaW9uIjoiMSJ9",
          "dependencies": [
            "aws_vpc.golden-ami-factory"
          ]
        }
      ]
    },
    {
      "mode": "managed",
      "type": "aws_vpc",
      "name": "golden-ami-factory",
      "provider": "provider.aws",
      "instances": [
        {
          "schema_version": 1,
          "attributes": {
            "arn": "arn:aws:ec2:us-east-1:068561858766:vpc/vpc-05cf553c2ae969b7b",
            "assign_generated_ipv6_cidr_block": false,
            "cidr_block": "10.0.0.0/16",
            "default_network_acl_id": "acl-0cd1546e618bccf19",
            "default_route_table_id": "rtb-007a555b3f8cdbc57",
            "default_security_group_id": "sg-0319446a42f34674a",
            "dhcp_options_id": "dopt-03160f67",
            "enable_classiclink": false,
            "enable_classiclink_dns_support": true,
            "enable_dns_hostnames": true,
            "enable_dns_support": true,
            "id": "vpc-05cf553c2ae969b7b",
            "instance_tenancy": "default",
            "ipv6_association_id": "",
            "ipv6_cidr_block": "",
            "main_route_table_id": "rtb-007a555b3f8cdbc57",
            "owner_id": "068561858766",
            "tags": {
              "Name": "noah-demo"
            }
          },
          "private": "eyJzY2hlbWFfdmVyc2lvbiI6IjEifQ=="
        }
      ]
    },
    {
      "mode": "managed",
      "type": "aws_vpc_endpoint",
      "name": "this",
      "each": "list",
      "provider": "provider.aws",
      "instances": [
        {
          "index_key": 0,
          "schema_version": 0,
          "attributes": {
            "auto_accept": null,
            "cidr_blocks": [
              "54.231.0.0/17",
              "52.216.0.0/15"
            ],
            "dns_entry": [],
            "id": "vpce-0fe7da245adb26a09",
            "network_interface_ids": [],
            "owner_id": "068561858766",
            "policy": "{\"Statement\":[{\"Action\":\"*\",\"Effect\":\"Allow\",\"Principal\":\"*\",\"Resource\":\"*\"}],\"Version\":\"2008-10-17\"}",
            "prefix_list_id": "pl-63a5400a",
            "private_dns_enabled": false,
            "requester_managed": false,
            "route_table_ids": [
              "rtb-093fd70d3845415d3"
            ],
            "security_group_ids": [],
            "service_name": "com.amazonaws.us-east-1.s3",
            "state": "available",
            "subnet_ids": [],
            "tags": {},
            "timeouts": null,
            "vpc_endpoint_type": "Gateway",
            "vpc_id": "vpc-05cf553c2ae969b7b"
          },
          "private": "eyJlMmJmYjczMC1lY2FhLTExZTYtOGY4OC0zNDM2M2JjN2M0YzAiOnsiY3JlYXRlIjo2MDAwMDAwMDAwMDAsImRlbGV0ZSI6NjAwMDAwMDAwMDAwLCJ1cGRhdGUiOjYwMDAwMDAwMDAwMH19",
          "dependencies": [
            "aws_route_table.private",
            "aws_security_group.this",
            "aws_subnet.private",
            "aws_vpc.golden-ami-factory"
          ]
        },
        {
          "index_key": 1,
          "schema_version": 0,
          "attributes": {
            "auto_accept": null,
            "cidr_blocks": [],
            "dns_entry": [
              {
                "dns_name": "vpce-03b36547b98921972-hhwcue1f.ssm.us-east-1.vpce.amazonaws.com",
                "hosted_zone_id": "Z7HUB22UULQXV"
              },
              {
                "dns_name": "vpce-03b36547b98921972-hhwcue1f-us-east-1c.ssm.us-east-1.vpce.amazonaws.com",
                "hosted_zone_id": "Z7HUB22UULQXV"
              },
              {
                "dns_name": "ssm.us-east-1.amazonaws.com",
                "hosted_zone_id": "Z091599014BXTP35OETBG"
              }
            ],
            "id": "vpce-03b36547b98921972",
            "network_interface_ids": [
              "eni-0b9b055e0cf2c9c72"
            ],
            "owner_id": "068561858766",
            "policy": "{\"Statement\":[{\"Action\":\"*\",\"Effect\":\"Allow\",\"Principal\":\"*\",\"Resource\":\"*\"}]}",
            "prefix_list_id": null,
            "private_dns_enabled": true,
            "requester_managed": false,
            "route_table_ids": [],
            "security_group_ids": [
              "sg-09588a8d34d3779f8"
            ],
            "service_name": "com.amazonaws.us-east-1.ssm",
            "state": "available",
            "subnet_ids": [
              "subnet-09fabf7b70fda0094"
            ],
            "tags": {},
            "timeouts": null,
            "vpc_endpoint_type": "Interface",
            "vpc_id": "vpc-05cf553c2ae969b7b"
          },
          "private": "eyJlMmJmYjczMC1lY2FhLTExZTYtOGY4OC0zNDM2M2JjN2M0YzAiOnsiY3JlYXRlIjo2MDAwMDAwMDAwMDAsImRlbGV0ZSI6NjAwMDAwMDAwMDAwLCJ1cGRhdGUiOjYwMDAwMDAwMDAwMH19",
          "dependencies": [
            "aws_route_table.private",
            "aws_security_group.this",
            "aws_subnet.private",
            "aws_vpc.golden-ami-factory"
          ]
        },
        {
          "index_key": 2,
          "schema_version": 0,
          "attributes": {
            "auto_accept": null,
            "cidr_blocks": [],
            "dns_entry": [
              {
                "dns_name": "vpce-002c6ca0aa2d4541e-evnkyolx.ssmmessages.us-east-1.vpce.amazonaws.com",
                "hosted_zone_id": "Z7HUB22UULQXV"
              },
              {
                "dns_name": "vpce-002c6ca0aa2d4541e-evnkyolx-us-east-1c.ssmmessages.us-east-1.vpce.amazonaws.com",
                "hosted_zone_id": "Z7HUB22UULQXV"
              },
              {
                "dns_name": "ssmmessages.us-east-1.amazonaws.com",
                "hosted_zone_id": "Z091586538RITW9RET1VG"
              }
            ],
            "id": "vpce-002c6ca0aa2d4541e",
            "network_interface_ids": [
              "eni-0db266b5ce689029a"
            ],
            "owner_id": "068561858766",
            "policy": "{\"Statement\":[{\"Action\":\"*\",\"Effect\":\"Allow\",\"Principal\":\"*\",\"Resource\":\"*\"}]}",
            "prefix_list_id": null,
            "private_dns_enabled": true,
            "requester_managed": false,
            "route_table_ids": [],
            "security_group_ids": [
              "sg-09588a8d34d3779f8"
            ],
            "service_name": "com.amazonaws.us-east-1.ssmmessages",
            "state": "available",
            "subnet_ids": [
              "subnet-09fabf7b70fda0094"
            ],
            "tags": {},
            "timeouts": null,
            "vpc_endpoint_type": "Interface",
            "vpc_id": "vpc-05cf553c2ae969b7b"
          },
          "private": "eyJlMmJmYjczMC1lY2FhLTExZTYtOGY4OC0zNDM2M2JjN2M0YzAiOnsiY3JlYXRlIjo2MDAwMDAwMDAwMDAsImRlbGV0ZSI6NjAwMDAwMDAwMDAwLCJ1cGRhdGUiOjYwMDAwMDAwMDAwMH19",
          "dependencies": [
            "aws_route_table.private",
            "aws_security_group.this",
            "aws_subnet.private",
            "aws_vpc.golden-ami-factory"
          ]
        },
        {
          "index_key": 3,
          "schema_version": 0,
          "attributes": {
            "auto_accept": null,
            "cidr_blocks": [],
            "dns_entry": [
              {
                "dns_name": "vpce-04fc69b081b521db8-1zrxwish.ec2.us-east-1.vpce.amazonaws.com",
                "hosted_zone_id": "Z7HUB22UULQXV"
              },
              {
                "dns_name": "vpce-04fc69b081b521db8-1zrxwish-us-east-1c.ec2.us-east-1.vpce.amazonaws.com",
                "hosted_zone_id": "Z7HUB22UULQXV"
              },
              {
                "dns_name": "ec2.us-east-1.amazonaws.com",
                "hosted_zone_id": "Z09161879KQA11DIH1BH"
              }
            ],
            "id": "vpce-04fc69b081b521db8",
            "network_interface_ids": [
              "eni-0dfcea8c12892beb6"
            ],
            "owner_id": "068561858766",
            "policy": "{\"Statement\":[{\"Action\":\"*\",\"Effect\":\"Allow\",\"Principal\":\"*\",\"Resource\":\"*\"}]}",
            "prefix_list_id": null,
            "private_dns_enabled": true,
            "requester_managed": false,
            "route_table_ids": [],
            "security_group_ids": [
              "sg-09588a8d34d3779f8"
            ],
            "service_name": "com.amazonaws.us-east-1.ec2",
            "state": "available",
            "subnet_ids": [
              "subnet-09fabf7b70fda0094"
            ],
            "tags": {},
            "timeouts": null,
            "vpc_endpoint_type": "Interface",
            "vpc_id": "vpc-05cf553c2ae969b7b"
          },
          "private": "eyJlMmJmYjczMC1lY2FhLTExZTYtOGY4OC0zNDM2M2JjN2M0YzAiOnsiY3JlYXRlIjo2MDAwMDAwMDAwMDAsImRlbGV0ZSI6NjAwMDAwMDAwMDAwLCJ1cGRhdGUiOjYwMDAwMDAwMDAwMH19",
          "dependencies": [
            "aws_route_table.private",
            "aws_security_group.this",
            "aws_subnet.private",
            "aws_vpc.golden-ami-factory"
          ]
        }
      ]
    }
  ]
}
