{
  "version": 4,
  "terraform_version": "0.12.16",
  "serial": 152,
  "lineage": "ec663145-556b-8957-bd40-0a34bbf81423",
  "outputs": {
    "private_subnet": {
      "value": {
        "arn": "arn:aws:ec2:us-east-1:068561858766:subnet/subnet-0406fdcc928b65cf4",
        "assign_ipv6_address_on_creation": false,
        "availability_zone": "us-east-1d",
        "availability_zone_id": "use1-az4",
        "cidr_block": "10.0.0.0/18",
        "id": "subnet-0406fdcc928b65cf4",
        "ipv6_cidr_block": "",
        "ipv6_cidr_block_association_id": "",
        "map_public_ip_on_launch": false,
        "owner_id": "068561858766",
        "tags": {
          "Name": "golden-ami-factory-private"
        },
        "timeouts": null,
        "vpc_id": "vpc-0277ea723fb62ec51"
      },
      "type": [
        "object",
        {
          "arn": "string",
          "assign_ipv6_address_on_creation": "bool",
          "availability_zone": "string",
          "availability_zone_id": "string",
          "cidr_block": "string",
          "id": "string",
          "ipv6_cidr_block": "string",
          "ipv6_cidr_block_association_id": "string",
          "map_public_ip_on_launch": "bool",
          "owner_id": "string",
          "tags": [
            "map",
            "string"
          ],
          "timeouts": [
            "object",
            {
              "create": "string",
              "delete": "string"
            }
          ],
          "vpc_id": "string"
        }
      ]
    },
    "sns_topic": {
      "value": {
        "application_failure_feedback_role_arn": "",
        "application_success_feedback_role_arn": "",
        "application_success_feedback_sample_rate": 0,
        "arn": "arn:aws:sns:us-east-1:068561858766:golden-ami-factory-image-updates",
        "delivery_policy": "",
        "display_name": "",
        "http_failure_feedback_role_arn": "",
        "http_success_feedback_role_arn": "",
        "http_success_feedback_sample_rate": 0,
        "id": "arn:aws:sns:us-east-1:068561858766:golden-ami-factory-image-updates",
        "kms_master_key_id": "",
        "lambda_failure_feedback_role_arn": "",
        "lambda_success_feedback_role_arn": "",
        "lambda_success_feedback_sample_rate": 0,
        "name": "golden-ami-factory-image-updates",
        "name_prefix": null,
        "policy": "{\"Version\":\"2008-10-17\",\"Id\":\"__default_policy_ID\",\"Statement\":[{\"Sid\":\"__default_statement_ID\",\"Effect\":\"Allow\",\"Principal\":{\"AWS\":\"*\"},\"Action\":[\"SNS:GetTopicAttributes\",\"SNS:SetTopicAttributes\",\"SNS:AddPermission\",\"SNS:RemovePermission\",\"SNS:DeleteTopic\",\"SNS:Subscribe\",\"SNS:ListSubscriptionsByTopic\",\"SNS:Publish\",\"SNS:Receive\"],\"Resource\":\"arn:aws:sns:us-east-1:068561858766:golden-ami-factory-image-updates\",\"Condition\":{\"StringEquals\":{\"AWS:SourceOwner\":\"068561858766\"}}}]}",
        "sqs_failure_feedback_role_arn": "",
        "sqs_success_feedback_role_arn": "",
        "sqs_success_feedback_sample_rate": 0,
        "tags": {}
      },
      "type": [
        "object",
        {
          "application_failure_feedback_role_arn": "string",
          "application_success_feedback_role_arn": "string",
          "application_success_feedback_sample_rate": "number",
          "arn": "string",
          "delivery_policy": "string",
          "display_name": "string",
          "http_failure_feedback_role_arn": "string",
          "http_success_feedback_role_arn": "string",
          "http_success_feedback_sample_rate": "number",
          "id": "string",
          "kms_master_key_id": "string",
          "lambda_failure_feedback_role_arn": "string",
          "lambda_success_feedback_role_arn": "string",
          "lambda_success_feedback_sample_rate": "number",
          "name": "string",
          "name_prefix": "string",
          "policy": "string",
          "sqs_failure_feedback_role_arn": "string",
          "sqs_success_feedback_role_arn": "string",
          "sqs_success_feedback_sample_rate": "number",
          "tags": [
            "map",
            "string"
          ]
        }
      ]
    }
  },
  "resources": [
    {
      "mode": "data",
      "type": "aws_availability_zones",
      "name": "available",
      "provider": "provider.aws",
      "instances": [
        {
          "schema_version": 0,
          "attributes": {
            "blacklisted_names": null,
            "blacklisted_zone_ids": null,
            "id": "2020-02-06 20:31:37.650511 +0000 UTC",
            "names": [
              "us-east-1a",
              "us-east-1b",
              "us-east-1c",
              "us-east-1d",
              "us-east-1e",
              "us-east-1f"
            ],
            "state": "available",
            "zone_ids": [
              "use1-az6",
              "use1-az1",
              "use1-az2",
              "use1-az4",
              "use1-az3",
              "use1-az5"
            ]
          }
        }
      ]
    },
    {
      "mode": "data",
      "type": "aws_caller_identity",
      "name": "current",
      "provider": "provider.aws",
      "instances": [
        {
          "schema_version": 0,
          "attributes": {
            "account_id": "068561858766",
            "arn": "arn:aws:iam::068561858766:user/noahmercado",
            "id": "2020-02-06 20:31:37.63051 +0000 UTC",
            "user_id": "AIDAQ75U26DHHOU4YNBOG"
          }
        }
      ]
    },
    {
      "mode": "data",
      "type": "aws_iam_policy",
      "name": "ssm",
      "provider": "provider.aws",
      "instances": [
        {
          "schema_version": 0,
          "attributes": {
            "arn": "arn:aws:iam::aws:policy/AmazonSSMManagedInstanceCore",
            "description": "The policy for Amazon EC2 Role to enable AWS Systems Manager service core functionality.",
            "id": "arn:aws:iam::aws:policy/AmazonSSMManagedInstanceCore",
            "name": "AmazonSSMManagedInstanceCore",
            "path": "/",
            "policy": "{\n    \"Version\": \"2012-10-17\",\n    \"Statement\": [\n        {\n            \"Effect\": \"Allow\",\n            \"Action\": [\n                \"ssm:DescribeAssociation\",\n                \"ssm:GetDeployablePatchSnapshotForInstance\",\n                \"ssm:GetDocument\",\n                \"ssm:DescribeDocument\",\n                \"ssm:GetManifest\",\n                \"ssm:GetParameter\",\n                \"ssm:GetParameters\",\n                \"ssm:ListAssociations\",\n                \"ssm:ListInstanceAssociations\",\n                \"ssm:PutInventory\",\n                \"ssm:PutComplianceItems\",\n                \"ssm:PutConfigurePackageResult\",\n                \"ssm:UpdateAssociationStatus\",\n                \"ssm:UpdateInstanceAssociationStatus\",\n                \"ssm:UpdateInstanceInformation\"\n            ],\n            \"Resource\": \"*\"\n        },\n        {\n            \"Effect\": \"Allow\",\n            \"Action\": [\n                \"ssmmessages:CreateControlChannel\",\n                \"ssmmessages:CreateDataChannel\",\n                \"ssmmessages:OpenControlChannel\",\n                \"ssmmessages:OpenDataChannel\"\n            ],\n            \"Resource\": \"*\"\n        },\n        {\n            \"Effect\": \"Allow\",\n            \"Action\": [\n                \"ec2messages:AcknowledgeMessage\",\n                \"ec2messages:DeleteMessage\",\n                \"ec2messages:FailMessage\",\n                \"ec2messages:GetEndpoint\",\n                \"ec2messages:GetMessages\",\n                \"ec2messages:SendReply\"\n            ],\n            \"Resource\": \"*\"\n        }\n    ]\n}"
          }
        }
      ]
    },
    {
      "mode": "data",
      "type": "aws_region",
      "name": "current",
      "provider": "provider.aws",
      "instances": [
        {
          "schema_version": 0,
          "attributes": {
            "current": null,
            "description": "US East (N. Virginia)",
            "endpoint": "ec2.us-east-1.amazonaws.com",
            "id": "us-east-1",
            "name": "us-east-1"
          }
        }
      ]
    },
    {
      "mode": "data",
      "type": "aws_vpc_endpoint_service",
      "name": "this",
      "each": "list",
      "provider": "provider.aws",
      "instances": [
        {
          "index_key": 0,
          "schema_version": 0,
          "attributes": {
            "acceptance_required": false,
            "availability_zones": [
              "us-east-1a",
              "us-east-1b",
              "us-east-1c",
              "us-east-1d",
              "us-east-1e",
              "us-east-1f"
            ],
            "base_endpoint_dns_names": [
              "s3.us-east-1.amazonaws.com"
            ],
            "id": "195798706",
            "manages_vpc_endpoints": false,
            "owner": "amazon",
            "private_dns_name": "",
            "service": "s3",
            "service_id": "vpce-svc-0aa7c06513d4872d5",
            "service_name": "com.amazonaws.us-east-1.s3",
            "service_type": "Gateway",
            "tags": {},
            "vpc_endpoint_policy_supported": true
          }
        },
        {
          "index_key": 1,
          "schema_version": 0,
          "attributes": {
            "acceptance_required": false,
            "availability_zones": [
              "us-east-1a",
              "us-east-1b",
              "us-east-1c",
              "us-east-1d",
              "us-east-1e",
              "us-east-1f"
            ],
            "base_endpoint_dns_names": [
              "ssm.us-east-1.vpce.amazonaws.com"
            ],
            "id": "874300523",
            "manages_vpc_endpoints": false,
            "owner": "amazon",
            "private_dns_name": "ssm.us-east-1.amazonaws.com",
            "service": "ssm",
            "service_id": "vpce-svc-0830e78121d7f5a46",
            "service_name": "com.amazonaws.us-east-1.ssm",
            "service_type": "Interface",
            "tags": {},
            "vpc_endpoint_policy_supported": false
          }
        },
        {
          "index_key": 2,
          "schema_version": 0,
          "attributes": {
            "acceptance_required": false,
            "availability_zones": [
              "us-east-1a",
              "us-east-1b",
              "us-east-1c",
              "us-east-1d",
              "us-east-1e",
              "us-east-1f"
            ],
            "base_endpoint_dns_names": [
              "ssmmessages.us-east-1.vpce.amazonaws.com"
            ],
            "id": "1315226949",
            "manages_vpc_endpoints": false,
            "owner": "amazon",
            "private_dns_name": "ssmmessages.us-east-1.amazonaws.com",
            "service": "ssmmessages",
            "service_id": "vpce-svc-0405dabbde77315b6",
            "service_name": "com.amazonaws.us-east-1.ssmmessages",
            "service_type": "Interface",
            "tags": {},
            "vpc_endpoint_policy_supported": false
          }
        },
        {
          "index_key": 3,
          "schema_version": 0,
          "attributes": {
            "acceptance_required": false,
            "availability_zones": [
              "us-east-1a",
              "us-east-1b",
              "us-east-1c",
              "us-east-1d",
              "us-east-1e",
              "us-east-1f"
            ],
            "base_endpoint_dns_names": [
              "ec2.us-east-1.vpce.amazonaws.com"
            ],
            "id": "2644592029",
            "manages_vpc_endpoints": false,
            "owner": "amazon",
            "private_dns_name": "ec2.us-east-1.amazonaws.com",
            "service": "ec2",
            "service_id": "vpce-svc-0812fbb18b2c0893b",
            "service_name": "com.amazonaws.us-east-1.ec2",
            "service_type": "Interface",
            "tags": {},
            "vpc_endpoint_policy_supported": false
          }
        }
      ]
    },
    {
      "mode": "managed",
      "type": "aws_eip",
      "name": "nat",
      "provider": "provider.aws",
      "instances": [
        {
          "schema_version": 0,
          "attributes": {
            "allocation_id": null,
            "associate_with_private_ip": null,
            "association_id": "eipassoc-0acef813d0236f33f",
            "domain": "vpc",
            "id": "eipalloc-0eb31ead68cd5f4e4",
            "instance": "",
            "network_interface": "eni-0f76a1f3bf2a6a8e9",
            "private_dns": "ip-10-0-86-0.ec2.internal",
            "private_ip": "10.0.86.0",
            "public_dns": "ec2-54-209-121-43.compute-1.amazonaws.com",
            "public_ip": "54.209.121.43",
            "public_ipv4_pool": "amazon",
            "tags": {},
            "timeouts": null,
            "vpc": true
          },
          "private": "eyJlMmJmYjczMC1lY2FhLTExZTYtOGY4OC0zNDM2M2JjN2M0YzAiOnsiZGVsZXRlIjoxODAwMDAwMDAwMDAsInJlYWQiOjkwMDAwMDAwMDAwMCwidXBkYXRlIjozMDAwMDAwMDAwMDB9fQ=="
        }
      ]
    },
    {
      "mode": "managed",
      "type": "aws_flow_log",
      "name": "example",
      "provider": "provider.aws",
      "instances": [
        {
          "schema_version": 0,
          "attributes": {
            "eni_id": null,
            "iam_role_arn": "",
            "id": "fl-080e5d22272cac7dd",
            "log_destination": "arn:aws:s3:::golden-ami-factory-flow-logs-e933e3322ee8b893",
            "log_destination_type": "s3",
            "log_format": "${version} ${account-id} ${interface-id} ${srcaddr} ${dstaddr} ${srcport} ${dstport} ${protocol} ${packets} ${bytes} ${start} ${end} ${action} ${log-status}",
            "log_group_name": "",
            "subnet_id": null,
            "traffic_type": "ALL",
            "vpc_id": "vpc-0277ea723fb62ec51"
          },
          "private": "bnVsbA==",
          "dependencies": [
            "aws_s3_bucket.flow-logs",
            "aws_vpc.golden-ami-factory"
          ]
        }
      ]
    },
    {
      "mode": "managed",
      "type": "aws_iam_instance_profile",
      "name": "instance",
      "provider": "provider.aws",
      "instances": [
        {
          "schema_version": 0,
          "attributes": {
            "arn": "arn:aws:iam::068561858766:instance-profile/GoldenAMIFactoryInstance",
            "create_date": "2020-01-06T15:28:36Z",
            "id": "GoldenAMIFactoryInstance",
            "name": "GoldenAMIFactoryInstance",
            "name_prefix": null,
            "path": "/",
            "role": "GoldenAMIFactoryInstanceRole",
            "roles": [
              "GoldenAMIFactoryInstanceRole"
            ],
            "unique_id": "AIPAQ75U26DHHESEP5WML"
          },
          "private": "bnVsbA==",
          "dependencies": [
            "aws_iam_role.instance"
          ]
        }
      ]
    },
    {
      "mode": "managed",
      "type": "aws_iam_policy",
      "name": "flow-logs",
      "provider": "provider.aws",
      "instances": [
        {
          "schema_version": 0,
          "attributes": {
            "arn": "arn:aws:iam::068561858766:policy/GoldenAMIFactoryFlowLogsPolicy",
            "description": "Log Delivery Permissions for S3",
            "id": "arn:aws:iam::068561858766:policy/GoldenAMIFactoryFlowLogsPolicy",
            "name": "GoldenAMIFactoryFlowLogsPolicy",
            "name_prefix": null,
            "path": "/",
            "policy": "{\n  \"Version\": \"2012-10-17\",\n  \"Statement\": [\n    {\n      \"Sid\": \"Logs\",\n      \"Action\": [\n        \"logs:CreateLogDelivery\",\n        \"logs:DeleteLogDelivery\",\n        \"logs:CreateLogGroup\",\n        \"logs:CreateLogStream\",\n        \"logs:DescribeLogGroups\",\n        \"logs:DescribeLogStreams\",\n        \"logs:PutLogEvents\"\n        ],\n      \"Effect\": \"Allow\",\n      \"Resource\": \"*\"\n    },\n    {\n      \"Sid\": \"AWSLogDeliveryWrite\",\n      \"Action\": [\n        \"s3:PutObject\"\n        ],\n      \"Effect\": \"Allow\",\n      \"Resource\": \"arn:aws:s3:::golden-ami-factory-flow-logs-e933e3322ee8b893/*\"\n    },\n    {\n      \"Sid\": \"AWSLogDeliveryAclCheck\",\n      \"Action\": [\n        \"s3:GetBucketAcl\"\n        ],\n      \"Effect\": \"Allow\",\n      \"Resource\": \"arn:aws:s3:::golden-ami-factory-flow-logs-e933e3322ee8b893\"\n    },\n    {\n        \"Sid\": \"KMS\",\n        \"Effect\": \"Allow\",\n        \"Action\": [\n            \"kms:Encrypt\",\n            \"kms:Decrypt\",\n            \"kms:ReEncrypt*\",\n            \"kms:GenerateDataKey*\",\n            \"kms:DescribeKey\"\n          ],\n        \"Resource\": \"*\"\n    }\n  ]\n}\n"
          },
          "private": "bnVsbA==",
          "dependencies": [
            "aws_s3_bucket.flow-logs"
          ]
        }
      ]
    },
    {
      "mode": "managed",
      "type": "aws_iam_policy",
      "name": "instance",
      "provider": "provider.aws",
      "instances": [
        {
          "schema_version": 0,
          "attributes": {
            "arn": "arn:aws:iam::068561858766:policy/GoldenAMIFactoryInstancePolicy",
            "description": "EC2 instance permissions for SSM",
            "id": "arn:aws:iam::068561858766:policy/GoldenAMIFactoryInstancePolicy",
            "name": "GoldenAMIFactoryInstancePolicy",
            "name_prefix": null,
            "path": "/",
            "policy": "{\n  \"Version\": \"2012-10-17\",\n  \"Statement\": [{\n      \"Effect\": \"Allow\",\n      \"Action\": [\n        \"ssm:DescribeAssociation\",\n        \"ssm:GetDeployablePatchSnapshotForInstance\",\n        \"ssm:GetDocument\",\n        \"ssm:DescribeDocument\",\n        \"ssm:GetManifest\",\n        \"ssm:GetParameter\",\n        \"ssm:GetParameters\",\n        \"ssm:ListAssociations\",\n        \"ssm:ListInstanceAssociations\",\n        \"ssm:PutInventory\",\n        \"ssm:PutComplianceItems\",\n        \"ssm:PutConfigurePackageResult\",\n        \"ssm:UpdateAssociationStatus\",\n        \"ssm:UpdateInstanceAssociationStatus\",\n        \"ssm:UpdateInstanceInformation\"\n      ],\n      \"Resource\": \"*\"\n    },\n    {\n      \"Effect\": \"Allow\",\n      \"Action\": [\n        \"ssmmessages:CreateControlChannel\",\n        \"ssmmessages:CreateDataChannel\",\n        \"ssmmessages:OpenControlChannel\",\n        \"ssmmessages:OpenDataChannel\"\n      ],\n      \"Resource\": \"*\"\n    },\n    {\n      \"Effect\": \"Allow\",\n      \"Action\": [\n        \"ec2messages:AcknowledgeMessage\",\n        \"ec2messages:DeleteMessage\",\n        \"ec2messages:FailMessage\",\n        \"ec2messages:GetEndpoint\",\n        \"ec2messages:GetMessages\",\n        \"ec2messages:SendReply\"\n      ],\n      \"Resource\": \"*\"\n    },\n    {\n      \"Effect\": \"Allow\",\n      \"Action\": [\n        \"s3:PutObject\",\n        \"s3:GetObject\"\n      ],\n      \"Resource\": [\n        \"arn:aws:s3:::golden-ami-factory-build-logs-e933e3322ee8b893/*\"\n      ]\n    },\n    {\n      \"Effect\": \"Allow\",\n      \"Action\": [\n        \"imagebuilder:GetComponent\"\n      ],\n      \"Resource\": \"*\"\n    },\n    {\n      \"Effect\": \"Allow\",\n      \"Action\": [\n        \"kms:Decrypt\"\n      ],\n      \"Resource\": \"*\",\n      \"Condition\": {\n        \"ForAnyValue:StringEquals\": {\n          \"kms:EncryptionContextKeys\": \"aws:imagebuilder:arn\"\n        }\n      }\n    }\n  ]\n}\n"
          },
          "private": "bnVsbA==",
          "dependencies": [
            "aws_s3_bucket.build-logs"
          ]
        }
      ]
    },
    {
      "mode": "managed",
      "type": "aws_iam_policy_attachment",
      "name": "flow-logs",
      "provider": "provider.aws",
      "instances": [
        {
          "schema_version": 0,
          "attributes": {
            "groups": [],
            "id": "GoldenAMIFactoryFlowLogs",
            "name": "GoldenAMIFactoryFlowLogs",
            "policy_arn": "arn:aws:iam::068561858766:policy/GoldenAMIFactoryFlowLogsPolicy",
            "roles": [
              "GoldenAMIFactoryFlowLogsRole"
            ],
            "users": []
          },
          "private": "bnVsbA==",
          "dependencies": [
            "aws_iam_policy.flow-logs",
            "aws_iam_role.flow-logs",
            "aws_s3_bucket.logs"
          ]
        }
      ]
    },
    {
      "mode": "managed",
      "type": "aws_iam_policy_attachment",
      "name": "instance",
      "provider": "provider.aws",
      "instances": [
        {
          "schema_version": 0,
          "attributes": {
            "groups": [],
            "id": "GoldenAMIFactoryInstance",
            "name": "GoldenAMIFactoryInstance",
            "policy_arn": "arn:aws:iam::068561858766:policy/GoldenAMIFactoryInstancePolicy",
            "roles": [
              "GoldenAMIFactoryInstanceRole"
            ],
            "users": []
          },
          "private": "bnVsbA==",
          "dependencies": [
            "aws_iam_policy.instance",
            "aws_iam_role.instance",
            "aws_s3_bucket.logs"
          ]
        }
      ]
    },
    {
      "mode": "managed",
      "type": "aws_iam_role",
      "name": "flow-logs",
      "provider": "provider.aws",
      "instances": [
        {
          "schema_version": 0,
          "attributes": {
            "arn": "arn:aws:iam::068561858766:role/GoldenAMIFactoryFlowLogsRole",
            "assume_role_policy": "{\"Version\":\"2012-10-17\",\"Statement\":[{\"Sid\":\"AllowVpcFlowLogs\",\"Effect\":\"Allow\",\"Principal\":{\"Service\":\"vpc-flow-logs.amazonaws.com\"},\"Action\":\"sts:AssumeRole\"}]}",
            "create_date": "2020-01-07T21:44:51Z",
            "description": "",
            "force_detach_policies": false,
            "id": "GoldenAMIFactoryFlowLogsRole",
            "max_session_duration": 3600,
            "name": "GoldenAMIFactoryFlowLogsRole",
            "name_prefix": null,
            "path": "/",
            "permissions_boundary": null,
            "tags": {},
            "unique_id": "AROAQ75U26DHMQWNFSRJI"
          },
          "private": "bnVsbA=="
        }
      ]
    },
    {
      "mode": "managed",
      "type": "aws_iam_role",
      "name": "instance",
      "provider": "provider.aws",
      "instances": [
        {
          "schema_version": 0,
          "attributes": {
            "arn": "arn:aws:iam::068561858766:role/GoldenAMIFactoryInstanceRole",
            "assume_role_policy": "{\"Version\":\"2012-10-17\",\"Statement\":[{\"Sid\":\"AllowEC2\",\"Effect\":\"Allow\",\"Principal\":{\"Service\":\"ec2.amazonaws.com\"},\"Action\":\"sts:AssumeRole\"}]}",
            "create_date": "2020-01-06T15:28:35Z",
            "description": "",
            "force_detach_policies": false,
            "id": "GoldenAMIFactoryInstanceRole",
            "max_session_duration": 3600,
            "name": "GoldenAMIFactoryInstanceRole",
            "name_prefix": null,
            "path": "/",
            "permissions_boundary": null,
            "tags": {},
            "unique_id": "AROAQ75U26DHHH367KLI3"
          },
          "private": "bnVsbA=="
        }
      ]
    },
    {
      "mode": "managed",
      "type": "aws_internet_gateway",
      "name": "this",
      "provider": "provider.aws",
      "instances": [
        {
          "schema_version": 0,
          "attributes": {
            "id": "igw-0839be23c0602dc7a",
            "owner_id": "068561858766",
            "tags": {
              "Name": "golden-ami-factory"
            },
            "vpc_id": "vpc-0277ea723fb62ec51"
          },
          "private": "bnVsbA==",
          "dependencies": [
            "aws_vpc.golden-ami-factory"
          ]
        }
      ]
    },
    {
      "mode": "managed",
      "type": "aws_kms_alias",
      "name": "logs",
      "provider": "provider.aws",
      "instances": [
        {
          "schema_version": 0,
          "attributes": {
            "arn": "arn:aws:kms:us-east-1:068561858766:alias/GoldenAMIFactoryLogging",
            "id": "alias/GoldenAMIFactoryLogging",
            "name": "alias/GoldenAMIFactoryLogging",
            "name_prefix": null,
            "target_key_arn": "arn:aws:kms:us-east-1:068561858766:key/4daa7350-31a6-4476-817c-5068a98c03a8",
            "target_key_id": "4daa7350-31a6-4476-817c-5068a98c03a8"
          },
          "private": "bnVsbA==",
          "dependencies": [
            "aws_kms_key.logs"
          ]
        }
      ]
    },
    {
      "mode": "managed",
      "type": "aws_kms_key",
      "name": "logs",
      "provider": "provider.aws",
      "instances": [
        {
          "schema_version": 0,
          "attributes": {
            "arn": "arn:aws:kms:us-east-1:068561858766:key/4daa7350-31a6-4476-817c-5068a98c03a8",
            "deletion_window_in_days": 10,
            "description": "GoldenAMIFactory Log Encyrption",
            "enable_key_rotation": true,
            "id": "4daa7350-31a6-4476-817c-5068a98c03a8",
            "is_enabled": true,
            "key_id": "4daa7350-31a6-4476-817c-5068a98c03a8",
            "key_usage": "ENCRYPT_DECRYPT",
            "policy": "{\"Id\":\"GoldenAMIFactoryLogs\",\"Statement\":[{\"Action\":[\"kms:Encrypt\",\"kms:Decrypt\",\"kms:ReEncrypt*\",\"kms:GenerateDataKey*\",\"kms:DescribeKey\"],\"Effect\":\"Allow\",\"Principal\":{\"Service\":\"delivery.logs.amazonaws.com\"},\"Resource\":\"*\",\"Sid\":\"Allow VPC Flow Logs to use the key\"},{\"Action\":[\"kms:Create*\",\"kms:Describe*\",\"kms:Enable*\",\"kms:List*\",\"kms:Put*\",\"kms:Update*\",\"kms:Revoke*\",\"kms:Disable*\",\"kms:Get*\",\"kms:Delete*\",\"kms:TagResource\",\"kms:UntagResource\",\"kms:ScheduleKeyDeletion\",\"kms:CancelKeyDeletion\"],\"Effect\":\"Allow\",\"Principal\":{\"AWS\":\"arn:aws:iam::068561858766:user/noahmercado\"},\"Resource\":\"*\",\"Sid\":\"Allow key administration\"},{\"Action\":[\"kms:Describe*\",\"kms:List*\",\"kms:Get*\",\"kms:Decrypt\"],\"Effect\":\"Allow\",\"Principal\":{\"AWS\":\"arn:aws:iam::068561858766:root\"},\"Resource\":\"*\",\"Sid\":\"Allow key read and usage\"}],\"Version\":\"2012-10-17\"}",
            "tags": {
              "Name": "golden-ami-factory-logs"
            }
          },
          "private": "bnVsbA=="
        }
      ]
    },
    {
      "mode": "managed",
      "type": "aws_nat_gateway",
      "name": "this",
      "provider": "provider.aws",
      "instances": [
        {
          "schema_version": 0,
          "attributes": {
            "allocation_id": "eipalloc-0eb31ead68cd5f4e4",
            "id": "nat-099cc052b67488600",
            "network_interface_id": "eni-0f76a1f3bf2a6a8e9",
            "private_ip": "10.0.86.0",
            "public_ip": "54.209.121.43",
            "subnet_id": "subnet-0f5c6570db0619749",
            "tags": {
              "Name": "golden-ami-factory"
            }
          },
          "private": "bnVsbA==",
          "dependencies": [
            "aws_eip.nat",
            "aws_subnet.public"
          ]
        }
      ]
    },
    {
      "mode": "managed",
      "type": "aws_route",
      "name": "igw",
      "provider": "provider.aws",
      "instances": [
        {
          "schema_version": 0,
          "attributes": {
            "destination_cidr_block": "0.0.0.0/0",
            "destination_ipv6_cidr_block": null,
            "destination_prefix_list_id": "",
            "egress_only_gateway_id": "",
            "gateway_id": "igw-0839be23c0602dc7a",
            "id": "r-rtb-06a00b90ee7c0f3f81080289494",
            "instance_id": "",
            "instance_owner_id": "",
            "nat_gateway_id": "",
            "network_interface_id": "",
            "origin": "CreateRoute",
            "route_table_id": "rtb-06a00b90ee7c0f3f8",
            "state": "active",
            "timeouts": null,
            "transit_gateway_id": "",
            "vpc_peering_connection_id": ""
          },
          "private": "eyJlMmJmYjczMC1lY2FhLTExZTYtOGY4OC0zNDM2M2JjN2M0YzAiOnsiY3JlYXRlIjoxMjAwMDAwMDAwMDAsImRlbGV0ZSI6MzAwMDAwMDAwMDAwfX0=",
          "dependencies": [
            "aws_internet_gateway.this",
            "aws_route_table.public",
            "aws_vpc.golden-ami-factory"
          ]
        }
      ]
    },
    {
      "mode": "managed",
      "type": "aws_route",
      "name": "private_nat_gateway",
      "provider": "provider.aws",
      "instances": [
        {
          "schema_version": 0,
          "attributes": {
            "destination_cidr_block": "0.0.0.0/0",
            "destination_ipv6_cidr_block": null,
            "destination_prefix_list_id": "",
            "egress_only_gateway_id": "",
            "gateway_id": "",
            "id": "r-rtb-0a3e8ef9b781022b91080289494",
            "instance_id": "",
            "instance_owner_id": "",
            "nat_gateway_id": "nat-099cc052b67488600",
            "network_interface_id": "",
            "origin": "CreateRoute",
            "route_table_id": "rtb-0a3e8ef9b781022b9",
            "state": "active",
            "timeouts": null,
            "transit_gateway_id": "",
            "vpc_peering_connection_id": ""
          },
          "private": "eyJlMmJmYjczMC1lY2FhLTExZTYtOGY4OC0zNDM2M2JjN2M0YzAiOnsiY3JlYXRlIjoxMjAwMDAwMDAwMDAsImRlbGV0ZSI6MzAwMDAwMDAwMDAwfX0=",
          "dependencies": [
            "aws_eip.nat",
            "aws_nat_gateway.this",
            "aws_route_table.private",
            "aws_subnet.public",
            "aws_vpc.golden-ami-factory"
          ]
        }
      ]
    },
    {
      "mode": "managed",
      "type": "aws_route_table",
      "name": "private",
      "provider": "provider.aws",
      "instances": [
        {
          "schema_version": 0,
          "attributes": {
            "id": "rtb-0a3e8ef9b781022b9",
            "owner_id": "068561858766",
            "propagating_vgws": [],
            "route": [
              {
                "cidr_block": "0.0.0.0/0",
                "egress_only_gateway_id": "",
                "gateway_id": "",
                "instance_id": "",
                "ipv6_cidr_block": "",
                "nat_gateway_id": "nat-099cc052b67488600",
                "network_interface_id": "",
                "transit_gateway_id": "",
                "vpc_peering_connection_id": ""
              }
            ],
            "tags": {
              "Name": "golden-ami-factory-private"
            },
            "vpc_id": "vpc-0277ea723fb62ec51"
          },
          "private": "bnVsbA==",
          "dependencies": [
            "aws_vpc.golden-ami-factory"
          ]
        }
      ]
    },
    {
      "mode": "managed",
      "type": "aws_route_table",
      "name": "public",
      "provider": "provider.aws",
      "instances": [
        {
          "schema_version": 0,
          "attributes": {
            "id": "rtb-06a00b90ee7c0f3f8",
            "owner_id": "068561858766",
            "propagating_vgws": [],
            "route": [
              {
                "cidr_block": "0.0.0.0/0",
                "egress_only_gateway_id": "",
                "gateway_id": "igw-0839be23c0602dc7a",
                "instance_id": "",
                "ipv6_cidr_block": "",
                "nat_gateway_id": "",
                "network_interface_id": "",
                "transit_gateway_id": "",
                "vpc_peering_connection_id": ""
              }
            ],
            "tags": {
              "Name": "golden-ami-factory-public"
            },
            "vpc_id": "vpc-0277ea723fb62ec51"
          },
          "private": "bnVsbA==",
          "dependencies": [
            "aws_vpc.golden-ami-factory"
          ]
        }
      ]
    },
    {
      "mode": "managed",
      "type": "aws_route_table_association",
      "name": "private",
      "provider": "provider.aws",
      "instances": [
        {
          "schema_version": 0,
          "attributes": {
            "gateway_id": null,
            "id": "rtbassoc-09ac335b3eb13e758",
            "route_table_id": "rtb-0a3e8ef9b781022b9",
            "subnet_id": "subnet-0406fdcc928b65cf4"
          },
          "private": "bnVsbA==",
          "dependencies": [
            "aws_route_table.private",
            "aws_subnet.private",
            "aws_vpc.golden-ami-factory"
          ]
        }
      ]
    },
    {
      "mode": "managed",
      "type": "aws_route_table_association",
      "name": "public",
      "provider": "provider.aws",
      "instances": [
        {
          "schema_version": 0,
          "attributes": {
            "gateway_id": null,
            "id": "rtbassoc-0e737037f9f7fb628",
            "route_table_id": "rtb-06a00b90ee7c0f3f8",
            "subnet_id": "subnet-0f5c6570db0619749"
          },
          "private": "bnVsbA==",
          "dependencies": [
            "aws_route_table.public",
            "aws_subnet.public",
            "aws_vpc.golden-ami-factory"
          ]
        }
      ]
    },
    {
      "mode": "managed",
      "type": "aws_s3_bucket",
      "name": "build-logs",
      "provider": "provider.aws",
      "instances": [
        {
          "schema_version": 0,
          "attributes": {
            "acceleration_status": "",
            "acl": "private",
            "arn": "arn:aws:s3:::golden-ami-factory-build-logs-e933e3322ee8b893",
            "bucket": "golden-ami-factory-build-logs-e933e3322ee8b893",
            "bucket_domain_name": "golden-ami-factory-build-logs-e933e3322ee8b893.s3.amazonaws.com",
            "bucket_prefix": null,
            "bucket_regional_domain_name": "golden-ami-factory-build-logs-e933e3322ee8b893.s3.amazonaws.com",
            "cors_rule": [],
            "force_destroy": false,
            "hosted_zone_id": "Z3AQBSTGFYJSTF",
            "id": "golden-ami-factory-build-logs-e933e3322ee8b893",
            "lifecycle_rule": [],
            "logging": [],
            "object_lock_configuration": [],
            "policy": null,
            "region": "us-east-1",
            "replication_configuration": [],
            "request_payer": "BucketOwner",
            "server_side_encryption_configuration": [
              {
                "rule": [
                  {
                    "apply_server_side_encryption_by_default": [
                      {
                        "kms_master_key_id": "alias/GoldenAMIFactoryLogging",
                        "sse_algorithm": "aws:kms"
                      }
                    ]
                  }
                ]
              }
            ],
            "tags": {},
            "versioning": [
              {
                "enabled": true,
                "mfa_delete": false
              }
            ],
            "website": [],
            "website_domain": null,
            "website_endpoint": null
          },
          "private": "bnVsbA==",
          "dependencies": [
            "aws_kms_alias.logs",
            "random_id.bucket"
          ]
        }
      ]
    },
    {
      "mode": "managed",
      "type": "aws_s3_bucket",
      "name": "flow-logs",
      "provider": "provider.aws",
      "instances": [
        {
          "schema_version": 0,
          "attributes": {
            "acceleration_status": "",
            "acl": "private",
            "arn": "arn:aws:s3:::golden-ami-factory-flow-logs-e933e3322ee8b893",
            "bucket": "golden-ami-factory-flow-logs-e933e3322ee8b893",
            "bucket_domain_name": "golden-ami-factory-flow-logs-e933e3322ee8b893.s3.amazonaws.com",
            "bucket_prefix": null,
            "bucket_regional_domain_name": "golden-ami-factory-flow-logs-e933e3322ee8b893.s3.amazonaws.com",
            "cors_rule": [],
            "force_destroy": false,
            "hosted_zone_id": "Z3AQBSTGFYJSTF",
            "id": "golden-ami-factory-flow-logs-e933e3322ee8b893",
            "lifecycle_rule": [],
            "logging": [],
            "object_lock_configuration": [],
            "policy": null,
            "region": "us-east-1",
            "replication_configuration": [],
            "request_payer": "BucketOwner",
            "server_side_encryption_configuration": [
              {
                "rule": [
                  {
                    "apply_server_side_encryption_by_default": [
                      {
                        "kms_master_key_id": "alias/GoldenAMIFactoryLogging",
                        "sse_algorithm": "aws:kms"
                      }
                    ]
                  }
                ]
              }
            ],
            "tags": {},
            "versioning": [
              {
                "enabled": true,
                "mfa_delete": false
              }
            ],
            "website": [],
            "website_domain": null,
            "website_endpoint": null
          },
          "private": "bnVsbA==",
          "dependencies": [
            "aws_kms_alias.logs",
            "random_id.bucket"
          ]
        }
      ]
    },
    {
      "mode": "managed",
      "type": "aws_security_group",
      "name": "this",
      "provider": "provider.aws",
      "instances": [
        {
          "schema_version": 1,
          "attributes": {
            "arn": "arn:aws:ec2:us-east-1:068561858766:security-group/sg-048b1b91939bd380e",
            "description": "Allow TLS for Image Builder",
            "egress": [
              {
                "cidr_blocks": [
                  "0.0.0.0/0"
                ],
                "description": "",
                "from_port": 443,
                "ipv6_cidr_blocks": [],
                "prefix_list_ids": [],
                "protocol": "tcp",
                "security_groups": [],
                "self": false,
                "to_port": 443
              }
            ],
            "id": "sg-048b1b91939bd380e",
            "ingress": [
              {
                "cidr_blocks": [],
                "description": "",
                "from_port": 443,
                "ipv6_cidr_blocks": [],
                "prefix_list_ids": [],
                "protocol": "tcp",
                "security_groups": [],
                "self": true,
                "to_port": 443
              }
            ],
            "name": "terraform-20191220151021692200000001",
            "name_prefix": null,
            "owner_id": "068561858766",
            "revoke_rules_on_delete": false,
            "tags": {
              "Name": "golden-ami-factory"
            },
            "timeouts": null,
            "vpc_id": "vpc-0277ea723fb62ec51"
          },
          "private": "eyJlMmJmYjczMC1lY2FhLTExZTYtOGY4OC0zNDM2M2JjN2M0YzAiOnsiY3JlYXRlIjo2MDAwMDAwMDAwMDAsImRlbGV0ZSI6NjAwMDAwMDAwMDAwfSwic2NoZW1hX3ZlcnNpb24iOiIxIn0=",
          "dependencies": [
            "aws_vpc.golden-ami-factory"
          ]
        }
      ]
    },
    {
      "mode": "managed",
      "type": "aws_sns_topic",
      "name": "golden-ami-factory",
      "provider": "provider.aws",
      "instances": [
        {
          "schema_version": 0,
          "attributes": {
            "application_failure_feedback_role_arn": "",
            "application_success_feedback_role_arn": "",
            "application_success_feedback_sample_rate": 0,
            "arn": "arn:aws:sns:us-east-1:068561858766:golden-ami-factory-image-updates",
            "delivery_policy": "",
            "display_name": "",
            "http_failure_feedback_role_arn": "",
            "http_success_feedback_role_arn": "",
            "http_success_feedback_sample_rate": 0,
            "id": "arn:aws:sns:us-east-1:068561858766:golden-ami-factory-image-updates",
            "kms_master_key_id": "",
            "lambda_failure_feedback_role_arn": "",
            "lambda_success_feedback_role_arn": "",
            "lambda_success_feedback_sample_rate": 0,
            "name": "golden-ami-factory-image-updates",
            "name_prefix": null,
            "policy": "{\"Version\":\"2008-10-17\",\"Id\":\"__default_policy_ID\",\"Statement\":[{\"Sid\":\"__default_statement_ID\",\"Effect\":\"Allow\",\"Principal\":{\"AWS\":\"*\"},\"Action\":[\"SNS:GetTopicAttributes\",\"SNS:SetTopicAttributes\",\"SNS:AddPermission\",\"SNS:RemovePermission\",\"SNS:DeleteTopic\",\"SNS:Subscribe\",\"SNS:ListSubscriptionsByTopic\",\"SNS:Publish\",\"SNS:Receive\"],\"Resource\":\"arn:aws:sns:us-east-1:068561858766:golden-ami-factory-image-updates\",\"Condition\":{\"StringEquals\":{\"AWS:SourceOwner\":\"068561858766\"}}}]}",
            "sqs_failure_feedback_role_arn": "",
            "sqs_success_feedback_role_arn": "",
            "sqs_success_feedback_sample_rate": 0,
            "tags": {}
          },
          "private": "bnVsbA=="
        }
      ]
    },
    {
      "mode": "managed",
      "type": "aws_subnet",
      "name": "private",
      "provider": "provider.aws",
      "instances": [
        {
          "schema_version": 1,
          "attributes": {
            "arn": "arn:aws:ec2:us-east-1:068561858766:subnet/subnet-0406fdcc928b65cf4",
            "assign_ipv6_address_on_creation": false,
            "availability_zone": "us-east-1d",
            "availability_zone_id": "use1-az4",
            "cidr_block": "10.0.0.0/18",
            "id": "subnet-0406fdcc928b65cf4",
            "ipv6_cidr_block": "",
            "ipv6_cidr_block_association_id": "",
            "map_public_ip_on_launch": false,
            "owner_id": "068561858766",
            "tags": {
              "Name": "golden-ami-factory-private"
            },
            "timeouts": null,
            "vpc_id": "vpc-0277ea723fb62ec51"
          },
          "private": "eyJlMmJmYjczMC1lY2FhLTExZTYtOGY4OC0zNDM2M2JjN2M0YzAiOnsiY3JlYXRlIjo2MDAwMDAwMDAwMDAsImRlbGV0ZSI6MTIwMDAwMDAwMDAwMH0sInNjaGVtYV92ZXJzaW9uIjoiMSJ9",
          "dependencies": [
            "aws_vpc.golden-ami-factory"
          ]
        }
      ]
    },
    {
      "mode": "managed",
      "type": "aws_subnet",
      "name": "public",
      "provider": "provider.aws",
      "instances": [
        {
          "schema_version": 1,
          "attributes": {
            "arn": "arn:aws:ec2:us-east-1:068561858766:subnet/subnet-0f5c6570db0619749",
            "assign_ipv6_address_on_creation": false,
            "availability_zone": "us-east-1d",
            "availability_zone_id": "use1-az4",
            "cidr_block": "10.0.64.0/18",
            "id": "subnet-0f5c6570db0619749",
            "ipv6_cidr_block": "",
            "ipv6_cidr_block_association_id": "",
            "map_public_ip_on_launch": false,
            "owner_id": "068561858766",
            "tags": {
              "Name": "golden-ami-factory-public"
            },
            "timeouts": null,
            "vpc_id": "vpc-0277ea723fb62ec51"
          },
          "private": "eyJlMmJmYjczMC1lY2FhLTExZTYtOGY4OC0zNDM2M2JjN2M0YzAiOnsiY3JlYXRlIjo2MDAwMDAwMDAwMDAsImRlbGV0ZSI6MTIwMDAwMDAwMDAwMH0sInNjaGVtYV92ZXJzaW9uIjoiMSJ9",
          "dependencies": [
            "aws_vpc.golden-ami-factory"
          ]
        }
      ]
    },
    {
      "mode": "managed",
      "type": "aws_vpc",
      "name": "golden-ami-factory",
      "provider": "provider.aws",
      "instances": [
        {
          "schema_version": 1,
          "attributes": {
            "arn": "arn:aws:ec2:us-east-1:068561858766:vpc/vpc-0277ea723fb62ec51",
            "assign_generated_ipv6_cidr_block": false,
            "cidr_block": "10.0.0.0/16",
            "default_network_acl_id": "acl-042fda082d3a5ca3b",
            "default_route_table_id": "rtb-02461de633c1d1f69",
            "default_security_group_id": "sg-0636a2ae13f4e4b81",
            "dhcp_options_id": "dopt-03160f67",
            "enable_classiclink": false,
            "enable_classiclink_dns_support": true,
            "enable_dns_hostnames": true,
            "enable_dns_support": true,
            "id": "vpc-0277ea723fb62ec51",
            "instance_tenancy": "default",
            "ipv6_association_id": "",
            "ipv6_cidr_block": "",
            "main_route_table_id": "rtb-02461de633c1d1f69",
            "owner_id": "068561858766",
            "tags": {
              "Name": "golden-ami-factory"
            }
          },
          "private": "eyJzY2hlbWFfdmVyc2lvbiI6IjEifQ=="
        }
      ]
    },
    {
      "mode": "managed",
      "type": "aws_vpc_endpoint",
      "name": "this",
      "each": "list",
      "provider": "provider.aws",
      "instances": [
        {
          "index_key": 0,
          "schema_version": 0,
          "attributes": {
            "auto_accept": null,
            "cidr_blocks": [
              "54.231.0.0/17",
              "52.216.0.0/15",
              "3.5.16.0/21",
              "3.5.0.0/20"
            ],
            "dns_entry": [],
            "id": "vpce-0196fe61f07d01336",
            "network_interface_ids": [],
            "owner_id": "068561858766",
            "policy": "{\"Statement\":[{\"Action\":\"*\",\"Effect\":\"Allow\",\"Principal\":\"*\",\"Resource\":\"*\"}],\"Version\":\"2008-10-17\"}",
            "prefix_list_id": "pl-63a5400a",
            "private_dns_enabled": false,
            "requester_managed": false,
            "route_table_ids": [
              "rtb-0a3e8ef9b781022b9"
            ],
            "security_group_ids": [],
            "service_name": "com.amazonaws.us-east-1.s3",
            "state": "available",
            "subnet_ids": [],
            "tags": {},
            "timeouts": null,
            "vpc_endpoint_type": "Gateway",
            "vpc_id": "vpc-0277ea723fb62ec51"
          },
          "private": "eyJlMmJmYjczMC1lY2FhLTExZTYtOGY4OC0zNDM2M2JjN2M0YzAiOnsiY3JlYXRlIjo2MDAwMDAwMDAwMDAsImRlbGV0ZSI6NjAwMDAwMDAwMDAwLCJ1cGRhdGUiOjYwMDAwMDAwMDAwMH19",
          "dependencies": [
            "aws_route_table.private",
            "aws_security_group.this",
            "aws_subnet.private",
            "aws_vpc.golden-ami-factory"
          ]
        },
        {
          "index_key": 1,
          "schema_version": 0,
          "attributes": {
            "auto_accept": null,
            "cidr_blocks": [],
            "dns_entry": [
              {
                "dns_name": "vpce-0178b7b87986f4f0f-h6m5qnoa.ssm.us-east-1.vpce.amazonaws.com",
                "hosted_zone_id": "Z7HUB22UULQXV"
              },
              {
                "dns_name": "vpce-0178b7b87986f4f0f-h6m5qnoa-us-east-1d.ssm.us-east-1.vpce.amazonaws.com",
                "hosted_zone_id": "Z7HUB22UULQXV"
              },
              {
                "dns_name": "ssm.us-east-1.amazonaws.com",
                "hosted_zone_id": "Z057078025DA7P9R521GM"
              }
            ],
            "id": "vpce-0178b7b87986f4f0f",
            "network_interface_ids": [
              "eni-04d5f45b593c8745a"
            ],
            "owner_id": "068561858766",
            "policy": "{\"Statement\":[{\"Action\":\"*\",\"Effect\":\"Allow\",\"Principal\":\"*\",\"Resource\":\"*\"}]}",
            "prefix_list_id": null,
            "private_dns_enabled": true,
            "requester_managed": false,
            "route_table_ids": [],
            "security_group_ids": [
              "sg-048b1b91939bd380e"
            ],
            "service_name": "com.amazonaws.us-east-1.ssm",
            "state": "available",
            "subnet_ids": [
              "subnet-0406fdcc928b65cf4"
            ],
            "tags": {},
            "timeouts": null,
            "vpc_endpoint_type": "Interface",
            "vpc_id": "vpc-0277ea723fb62ec51"
          },
          "private": "eyJlMmJmYjczMC1lY2FhLTExZTYtOGY4OC0zNDM2M2JjN2M0YzAiOnsiY3JlYXRlIjo2MDAwMDAwMDAwMDAsImRlbGV0ZSI6NjAwMDAwMDAwMDAwLCJ1cGRhdGUiOjYwMDAwMDAwMDAwMH19",
          "dependencies": [
            "aws_route_table.private",
            "aws_security_group.this",
            "aws_subnet.private",
            "aws_vpc.golden-ami-factory"
          ]
        },
        {
          "index_key": 2,
          "schema_version": 0,
          "attributes": {
            "auto_accept": null,
            "cidr_blocks": [],
            "dns_entry": [
              {
                "dns_name": "vpce-03a6de7e391dde02f-3ty1kvfk.ssmmessages.us-east-1.vpce.amazonaws.com",
                "hosted_zone_id": "Z7HUB22UULQXV"
              },
              {
                "dns_name": "vpce-03a6de7e391dde02f-3ty1kvfk-us-east-1d.ssmmessages.us-east-1.vpce.amazonaws.com",
                "hosted_zone_id": "Z7HUB22UULQXV"
              },
              {
                "dns_name": "ssmmessages.us-east-1.amazonaws.com",
                "hosted_zone_id": "Z057108620H8XQSM28WF1"
              }
            ],
            "id": "vpce-03a6de7e391dde02f",
            "network_interface_ids": [
              "eni-0793c47cf428a5f1d"
            ],
            "owner_id": "068561858766",
            "policy": "{\"Statement\":[{\"Action\":\"*\",\"Effect\":\"Allow\",\"Principal\":\"*\",\"Resource\":\"*\"}]}",
            "prefix_list_id": null,
            "private_dns_enabled": true,
            "requester_managed": false,
            "route_table_ids": [],
            "security_group_ids": [
              "sg-048b1b91939bd380e"
            ],
            "service_name": "com.amazonaws.us-east-1.ssmmessages",
            "state": "available",
            "subnet_ids": [
              "subnet-0406fdcc928b65cf4"
            ],
            "tags": {},
            "timeouts": null,
            "vpc_endpoint_type": "Interface",
            "vpc_id": "vpc-0277ea723fb62ec51"
          },
          "private": "eyJlMmJmYjczMC1lY2FhLTExZTYtOGY4OC0zNDM2M2JjN2M0YzAiOnsiY3JlYXRlIjo2MDAwMDAwMDAwMDAsImRlbGV0ZSI6NjAwMDAwMDAwMDAwLCJ1cGRhdGUiOjYwMDAwMDAwMDAwMH19",
          "dependencies": [
            "aws_route_table.private",
            "aws_security_group.this",
            "aws_subnet.private",
            "aws_vpc.golden-ami-factory"
          ]
        },
        {
          "index_key": 3,
          "schema_version": 0,
          "attributes": {
            "auto_accept": null,
            "cidr_blocks": [],
            "dns_entry": [
              {
                "dns_name": "vpce-0b6e9ab2952d2c3e7-2hyd0iqb.ec2.us-east-1.vpce.amazonaws.com",
                "hosted_zone_id": "Z7HUB22UULQXV"
              },
              {
                "dns_name": "vpce-0b6e9ab2952d2c3e7-2hyd0iqb-us-east-1d.ec2.us-east-1.vpce.amazonaws.com",
                "hosted_zone_id": "Z7HUB22UULQXV"
              },
              {
                "dns_name": "ec2.us-east-1.amazonaws.com",
                "hosted_zone_id": "Z05707831OR6WAP86ET0T"
              }
            ],
            "id": "vpce-0b6e9ab2952d2c3e7",
            "network_interface_ids": [
              "eni-02070097690915bd5"
            ],
            "owner_id": "068561858766",
            "policy": "{\"Statement\":[{\"Action\":\"*\",\"Effect\":\"Allow\",\"Principal\":\"*\",\"Resource\":\"*\"}]}",
            "prefix_list_id": null,
            "private_dns_enabled": true,
            "requester_managed": false,
            "route_table_ids": [],
            "security_group_ids": [
              "sg-048b1b91939bd380e"
            ],
            "service_name": "com.amazonaws.us-east-1.ec2",
            "state": "available",
            "subnet_ids": [
              "subnet-0406fdcc928b65cf4"
            ],
            "tags": {},
            "timeouts": null,
            "vpc_endpoint_type": "Interface",
            "vpc_id": "vpc-0277ea723fb62ec51"
          },
          "private": "eyJlMmJmYjczMC1lY2FhLTExZTYtOGY4OC0zNDM2M2JjN2M0YzAiOnsiY3JlYXRlIjo2MDAwMDAwMDAwMDAsImRlbGV0ZSI6NjAwMDAwMDAwMDAwLCJ1cGRhdGUiOjYwMDAwMDAwMDAwMH19",
          "dependencies": [
            "aws_route_table.private",
            "aws_security_group.this",
            "aws_subnet.private",
            "aws_vpc.golden-ami-factory"
          ]
        }
      ]
    },
    {
      "mode": "managed",
      "type": "random_id",
      "name": "bucket",
      "provider": "provider.random",
      "instances": [
        {
          "schema_version": 0,
          "attributes": {
            "b64": "6TPjMi7ouJM",
            "b64_std": "6TPjMi7ouJM=",
            "b64_url": "6TPjMi7ouJM",
            "byte_length": 8,
            "dec": "16804024439324326035",
            "hex": "e933e3322ee8b893",
            "id": "6TPjMi7ouJM",
            "keepers": null,
            "prefix": null
          },
          "private": "bnVsbA=="
        }
      ]
    }
  ]
}
